
Microsoft Visual Studio Solution File, Format Version 12.00
# Visual Studio Version 17
VisualStudioVersion = 17.6.33829.357
MinimumVisualStudioVersion = 10.0.40219.1
Project("{FAE04EC0-301F-11D3-BF4B-00C04F79EFBC}") = "assignment 3 ques - 2", "assignment 3 ques - 2.csproj", "{05D171AD-C5C3-4C00-A56E-C2E34471E3E3}"
EndProject
Global
	GlobalSection(SolutionConfigurationPlatforms) = preSolution
		Debug|Any CPU = Debug|Any CPU
		Release|Any CPU = Release|Any CPU
	EndGlobalSection
	GlobalSection(ProjectConfigurationPlatforms) = postSolution
		{05D171AD-C5C3-4C00-A56E-C2E34471E3E3}.Debug|Any CPU.ActiveCfg = Debug|Any CPU
		{05D171AD-C5C3-4C00-A56E-C2E34471E3E3}.Debug|Any CPU.Build.0 = Debug|Any CPU
		{05D171AD-C5C3-4C00-A56E-C2E34471E3E3}.Release|Any CPU.ActiveCfg = Release|Any CPU
		{05D171AD-C5C3-4C00-A56E-C2E34471E3E3}.Release|Any CPU.Build.0 = Release|Any CPU
	EndGlobalSection
	GlobalSection(SolutionProperties) = preSolution
		HideSolutionNode = FALSE
	EndGlobalSection
	GlobalSection(ExtensibilityGlobals) = postSolution
		SolutionGuid = {E7E4CD13-7EBF-4E42-9AE8-2885FBB76E48}
	EndGlobalSection
EndGlobal
